
Microsoft Visual Studio Solution File, Format Version 12.00
# Visual Studio Version 16
VisualStudioVersion = 16.0.29123.88
MinimumVisualStudioVersion = 10.0.40219.1
Project("{FAE04EC0-301F-11D3-BF4B-00C04F79EFBC}") = "KAM Graphics Editor", "KAM Graphics Editor\KAM Graphics Editor.csproj", "{31F5AD99-4E90-4DA7-BB21-5B46C960B80E}"
EndProject
Global
	GlobalSection(SolutionConfigurationPlatforms) = preSolution
		Debug|Any CPU = Debug|Any CPU
		Release|Any CPU = Release|Any CPU
	EndGlobalSection
	GlobalSection(ProjectConfigurationPlatforms) = postSolution
		{31F5AD99-4E90-4DA7-BB21-5B46C960B80E}.Debug|Any CPU.ActiveCfg = Debug|Any CPU
		{31F5AD99-4E90-4DA7-BB21-5B46C960B80E}.Debug|Any CPU.Build.0 = Debug|Any CPU
		{31F5AD99-4E90-4DA7-BB21-5B46C960B80E}.Release|Any CPU.ActiveCfg = Release|Any CPU
		{31F5AD99-4E90-4DA7-BB21-5B46C960B80E}.Release|Any CPU.Build.0 = Release|Any CPU
	EndGlobalSection
	GlobalSection(SolutionProperties) = preSolution
		HideSolutionNode = FALSE
	EndGlobalSection
	GlobalSection(ExtensibilityGlobals) = postSolution
		SolutionGuid = {B4F20634-A0DF-4C6A-98B9-1A6696D20003}
	EndGlobalSection
EndGlobal
